
Microsoft Visual Studio Solution File, Format Version 12.00
# Visual Studio 2013
VisualStudioVersion = 12.0.21005.1
MinimumVisualStudioVersion = 10.0.40219.1
Project("{FAE04EC0-301F-11D3-BF4B-00C04F79EFBC}") = "MarcRoche.Model", "MarcRoche.Model\MarcRoche.Model.csproj", "{06AA32F1-3013-4AA2-A291-320A2E37E0CB}"
EndProject
Project("{FAE04EC0-301F-11D3-BF4B-00C04F79EFBC}") = "MarcRoche.Services", "MarcRoche.Services\MarcRoche.Services.csproj", "{6B6356CB-F5AB-40A1-80F7-F4D36FF349D8}"
EndProject
Project("{FAE04EC0-301F-11D3-BF4B-00C04F79EFBC}") = "MarcRoche.Services.Contracts", "MarcRoche.Services.Contracts\MarcRoche.Services.Contracts.csproj", "{8C68361D-6713-4F7F-BBD8-CC48F509828B}"
EndProject
Project("{2150E333-8FDC-42A3-9474-1A3956D46DE8}") = "Services", "Services", "{94F47682-D711-4F08-9854-A21E144F9075}"
EndProject
Project("{2150E333-8FDC-42A3-9474-1A3956D46DE8}") = "Repositories", "Repositories", "{CF0AA54A-69EF-47F0-8372-FB0167A6E08A}"
EndProject
Project("{2150E333-8FDC-42A3-9474-1A3956D46DE8}") = "Model", "Model", "{53B5C2B1-E63E-46DF-A7CB-0FC7F645A2B4}"
EndProject
Project("{FAE04EC0-301F-11D3-BF4B-00C04F79EFBC}") = "Repository", "Repository\Repository.csproj", "{CEC3F80B-3801-4890-A8F2-8634E2302F0B}"
EndProject
Project("{2150E333-8FDC-42A3-9474-1A3956D46DE8}") = "Tests", "Tests", "{1C46C59E-6BE7-4165-A69D-B0A841422275}"
EndProject
Project("{FAE04EC0-301F-11D3-BF4B-00C04F79EFBC}") = "MarcRoche.FileRepository.Tests", "MarcRoche.FileRepository.Tests\MarcRoche.FileRepository.Tests.csproj", "{A7BB280B-E298-4F21-840E-A5BE8FE66C9A}"
EndProject
Project("{2150E333-8FDC-42A3-9474-1A3956D46DE8}") = "Tests", "Tests", "{FB7D53E2-1E65-4BD4-9592-4DDE776283CA}"
EndProject
Project("{FAE04EC0-301F-11D3-BF4B-00C04F79EFBC}") = "MarcRoche.Services.Tests", "MarcRoche.Services.Tests\MarcRoche.Services.Tests.csproj", "{C902ACEE-5FD8-4A6E-9312-F94837387E1C}"
EndProject
Project("{FAE04EC0-301F-11D3-BF4B-00C04F79EFBC}") = "MarcRoche.IoC", "MarcRoche.Ninject\MarcRoche.IoC.csproj", "{E3C7B540-F1CA-40EE-AF0F-95EE27D5BD2D}"
EndProject
Project("{2150E333-8FDC-42A3-9474-1A3956D46DE8}") = ".nuget", ".nuget", "{65B5F92E-8654-4AFB-B1BC-67E777074055}"
	ProjectSection(SolutionItems) = preProject
		.nuget\NuGet.Config = .nuget\NuGet.Config
		.nuget\NuGet.exe = .nuget\NuGet.exe
		.nuget\NuGet.targets = .nuget\NuGet.targets
	EndProjectSection
EndProject
Project("{2150E333-8FDC-42A3-9474-1A3956D46DE8}") = "Artifacts", "Artifacts", "{85C0C087-EFBD-423F-8FDC-BCD20DE305E9}"
	ProjectSection(SolutionItems) = preProject
		TODOS.txt = TODOS.txt
	EndProjectSection
EndProject
Project("{FAE04EC0-301F-11D3-BF4B-00C04F79EFBC}") = "MarcRoche.Web", "MarcRoche.Web\MarcRoche.Web.csproj", "{971FA4A3-CE2E-402B-A361-0B5AFF6201E2}"
EndProject
Project("{2150E333-8FDC-42A3-9474-1A3956D46DE8}") = "Common", "Common", "{F01FD1EA-4462-4FEF-B0D2-350FA2108B31}"
EndProject
Project("{FAE04EC0-301F-11D3-BF4B-00C04F79EFBC}") = "MarcRoche.Common", "MarcRoche.Common\MarcRoche.Common.csproj", "{15BE3915-E2D0-4262-BC92-8233D0DD57CA}"
EndProject
Project("{FAE04EC0-301F-11D3-BF4B-00C04F79EFBC}") = "MarcRoche.Repository.FileSystem", "MarcRoche.FileRepository\MarcRoche.Repository.FileSystem.csproj", "{71DC42A0-E09B-47E6-AC20-98C5A98E5C0F}"
EndProject
Project("{2150E333-8FDC-42A3-9474-1A3956D46DE8}") = "Tests", "Tests", "{96703B49-B252-4C06-82E6-717FF036CB91}"
EndProject
Project("{FAE04EC0-301F-11D3-BF4B-00C04F79EFBC}") = "MarcRoche.Model.Tests", "MarcRoche.Model.Tests\MarcRoche.Model.Tests.csproj", "{987EC8C5-962D-49F6-8B76-C7512C84F788}"
EndProject
Global
	GlobalSection(SolutionConfigurationPlatforms) = preSolution
		Debug|Any CPU = Debug|Any CPU
		Release|Any CPU = Release|Any CPU
	EndGlobalSection
	GlobalSection(ProjectConfigurationPlatforms) = postSolution
		{06AA32F1-3013-4AA2-A291-320A2E37E0CB}.Debug|Any CPU.ActiveCfg = Debug|Any CPU
		{06AA32F1-3013-4AA2-A291-320A2E37E0CB}.Debug|Any CPU.Build.0 = Debug|Any CPU
		{06AA32F1-3013-4AA2-A291-320A2E37E0CB}.Release|Any CPU.ActiveCfg = Release|Any CPU
		{06AA32F1-3013-4AA2-A291-320A2E37E0CB}.Release|Any CPU.Build.0 = Release|Any CPU
		{6B6356CB-F5AB-40A1-80F7-F4D36FF349D8}.Debug|Any CPU.ActiveCfg = Debug|Any CPU
		{6B6356CB-F5AB-40A1-80F7-F4D36FF349D8}.Debug|Any CPU.Build.0 = Debug|Any CPU
		{6B6356CB-F5AB-40A1-80F7-F4D36FF349D8}.Release|Any CPU.ActiveCfg = Release|Any CPU
		{6B6356CB-F5AB-40A1-80F7-F4D36FF349D8}.Release|Any CPU.Build.0 = Release|Any CPU
		{8C68361D-6713-4F7F-BBD8-CC48F509828B}.Debug|Any CPU.ActiveCfg = Debug|Any CPU
		{8C68361D-6713-4F7F-BBD8-CC48F509828B}.Debug|Any CPU.Build.0 = Debug|Any CPU
		{8C68361D-6713-4F7F-BBD8-CC48F509828B}.Release|Any CPU.ActiveCfg = Release|Any CPU
		{8C68361D-6713-4F7F-BBD8-CC48F509828B}.Release|Any CPU.Build.0 = Release|Any CPU
		{CEC3F80B-3801-4890-A8F2-8634E2302F0B}.Debug|Any CPU.ActiveCfg = Debug|Any CPU
		{CEC3F80B-3801-4890-A8F2-8634E2302F0B}.Debug|Any CPU.Build.0 = Debug|Any CPU
		{CEC3F80B-3801-4890-A8F2-8634E2302F0B}.Release|Any CPU.ActiveCfg = Release|Any CPU
		{CEC3F80B-3801-4890-A8F2-8634E2302F0B}.Release|Any CPU.Build.0 = Release|Any CPU
		{A7BB280B-E298-4F21-840E-A5BE8FE66C9A}.Debug|Any CPU.ActiveCfg = Debug|Any CPU
		{A7BB280B-E298-4F21-840E-A5BE8FE66C9A}.Debug|Any CPU.Build.0 = Debug|Any CPU
		{A7BB280B-E298-4F21-840E-A5BE8FE66C9A}.Release|Any CPU.ActiveCfg = Release|Any CPU
		{A7BB280B-E298-4F21-840E-A5BE8FE66C9A}.Release|Any CPU.Build.0 = Release|Any CPU
		{C902ACEE-5FD8-4A6E-9312-F94837387E1C}.Debug|Any CPU.ActiveCfg = Debug|Any CPU
		{C902ACEE-5FD8-4A6E-9312-F94837387E1C}.Debug|Any CPU.Build.0 = Debug|Any CPU
		{C902ACEE-5FD8-4A6E-9312-F94837387E1C}.Release|Any CPU.ActiveCfg = Release|Any CPU
		{C902ACEE-5FD8-4A6E-9312-F94837387E1C}.Release|Any CPU.Build.0 = Release|Any CPU
		{E3C7B540-F1CA-40EE-AF0F-95EE27D5BD2D}.Debug|Any CPU.ActiveCfg = Debug|Any CPU
		{E3C7B540-F1CA-40EE-AF0F-95EE27D5BD2D}.Debug|Any CPU.Build.0 = Debug|Any CPU
		{E3C7B540-F1CA-40EE-AF0F-95EE27D5BD2D}.Release|Any CPU.ActiveCfg = Release|Any CPU
		{E3C7B540-F1CA-40EE-AF0F-95EE27D5BD2D}.Release|Any CPU.Build.0 = Release|Any CPU
		{971FA4A3-CE2E-402B-A361-0B5AFF6201E2}.Debug|Any CPU.ActiveCfg = Debug|Any CPU
		{971FA4A3-CE2E-402B-A361-0B5AFF6201E2}.Debug|Any CPU.Build.0 = Debug|Any CPU
		{971FA4A3-CE2E-402B-A361-0B5AFF6201E2}.Release|Any CPU.ActiveCfg = Release|Any CPU
		{971FA4A3-CE2E-402B-A361-0B5AFF6201E2}.Release|Any CPU.Build.0 = Release|Any CPU
		{15BE3915-E2D0-4262-BC92-8233D0DD57CA}.Debug|Any CPU.ActiveCfg = Debug|Any CPU
		{15BE3915-E2D0-4262-BC92-8233D0DD57CA}.Debug|Any CPU.Build.0 = Debug|Any CPU
		{15BE3915-E2D0-4262-BC92-8233D0DD57CA}.Release|Any CPU.ActiveCfg = Release|Any CPU
		{15BE3915-E2D0-4262-BC92-8233D0DD57CA}.Release|Any CPU.Build.0 = Release|Any CPU
		{71DC42A0-E09B-47E6-AC20-98C5A98E5C0F}.Debug|Any CPU.ActiveCfg = Debug|Any CPU
		{71DC42A0-E09B-47E6-AC20-98C5A98E5C0F}.Debug|Any CPU.Build.0 = Debug|Any CPU
		{71DC42A0-E09B-47E6-AC20-98C5A98E5C0F}.Release|Any CPU.ActiveCfg = Release|Any CPU
		{71DC42A0-E09B-47E6-AC20-98C5A98E5C0F}.Release|Any CPU.Build.0 = Release|Any CPU
		{987EC8C5-962D-49F6-8B76-C7512C84F788}.Debug|Any CPU.ActiveCfg = Debug|Any CPU
		{987EC8C5-962D-49F6-8B76-C7512C84F788}.Debug|Any CPU.Build.0 = Debug|Any CPU
		{987EC8C5-962D-49F6-8B76-C7512C84F788}.Release|Any CPU.ActiveCfg = Release|Any CPU
		{987EC8C5-962D-49F6-8B76-C7512C84F788}.Release|Any CPU.Build.0 = Release|Any CPU
	EndGlobalSection
	GlobalSection(SolutionProperties) = preSolution
		HideSolutionNode = FALSE
	EndGlobalSection
	GlobalSection(NestedProjects) = preSolution
		{06AA32F1-3013-4AA2-A291-320A2E37E0CB} = {53B5C2B1-E63E-46DF-A7CB-0FC7F645A2B4}
		{96703B49-B252-4C06-82E6-717FF036CB91} = {53B5C2B1-E63E-46DF-A7CB-0FC7F645A2B4}
		{8C68361D-6713-4F7F-BBD8-CC48F509828B} = {94F47682-D711-4F08-9854-A21E144F9075}
		{6B6356CB-F5AB-40A1-80F7-F4D36FF349D8} = {94F47682-D711-4F08-9854-A21E144F9075}
		{FB7D53E2-1E65-4BD4-9592-4DDE776283CA} = {94F47682-D711-4F08-9854-A21E144F9075}
		{E3C7B540-F1CA-40EE-AF0F-95EE27D5BD2D} = {94F47682-D711-4F08-9854-A21E144F9075}
		{CEC3F80B-3801-4890-A8F2-8634E2302F0B} = {CF0AA54A-69EF-47F0-8372-FB0167A6E08A}
		{1C46C59E-6BE7-4165-A69D-B0A841422275} = {CF0AA54A-69EF-47F0-8372-FB0167A6E08A}
		{71DC42A0-E09B-47E6-AC20-98C5A98E5C0F} = {CF0AA54A-69EF-47F0-8372-FB0167A6E08A}
		{A7BB280B-E298-4F21-840E-A5BE8FE66C9A} = {1C46C59E-6BE7-4165-A69D-B0A841422275}
		{C902ACEE-5FD8-4A6E-9312-F94837387E1C} = {FB7D53E2-1E65-4BD4-9592-4DDE776283CA}
		{15BE3915-E2D0-4262-BC92-8233D0DD57CA} = {F01FD1EA-4462-4FEF-B0D2-350FA2108B31}
		{987EC8C5-962D-49F6-8B76-C7512C84F788} = {96703B49-B252-4C06-82E6-717FF036CB91}
	EndGlobalSection
EndGlobal
