
Microsoft Visual Studio Solution File, Format Version 12.00
# Visual Studio 2013
VisualStudioVersion = 12.0.21005.1
MinimumVisualStudioVersion = 10.0.40219.1
Project("{2150E333-8FDC-42A3-9474-1A3956D46DE8}") = "Repository", "Repository", "{CF0AA54A-69EF-47F0-8372-FB0167A6E08A}"
EndProject
Project("{2150E333-8FDC-42A3-9474-1A3956D46DE8}") = "Domain", "Domain", "{53B5C2B1-E63E-46DF-A7CB-0FC7F645A2B4}"
EndProject
Project("{2150E333-8FDC-42A3-9474-1A3956D46DE8}") = "Tests", "Tests", "{1C46C59E-6BE7-4165-A69D-B0A841422275}"
EndProject
Project("{2150E333-8FDC-42A3-9474-1A3956D46DE8}") = ".nuget", ".nuget", "{65B5F92E-8654-4AFB-B1BC-67E777074055}"
	ProjectSection(SolutionItems) = preProject
		.nuget\NuGet.Config = .nuget\NuGet.Config
		.nuget\NuGet.exe = .nuget\NuGet.exe
		.nuget\NuGet.targets = .nuget\NuGet.targets
	EndProjectSection
EndProject
Project("{2150E333-8FDC-42A3-9474-1A3956D46DE8}") = "Artifacts", "Artifacts", "{85C0C087-EFBD-423F-8FDC-BCD20DE305E9}"
	ProjectSection(SolutionItems) = preProject
		TODOS.txt = TODOS.txt
	EndProjectSection
EndProject
Project("{2150E333-8FDC-42A3-9474-1A3956D46DE8}") = "Common", "Common", "{F01FD1EA-4462-4FEF-B0D2-350FA2108B31}"
EndProject
Project("{2150E333-8FDC-42A3-9474-1A3956D46DE8}") = "Tests", "Tests", "{96703B49-B252-4C06-82E6-717FF036CB91}"
EndProject
Project("{2150E333-8FDC-42A3-9474-1A3956D46DE8}") = "IoC", "IoC", "{A176487A-F7E4-44C4-96B5-B0F4C7511E7C}"
EndProject
Project("{FAE04EC0-301F-11D3-BF4B-00C04F79EFBC}") = "MarcRoche.Common", "MarcRoche.Common\MarcRoche.Common.csproj", "{15BE3915-E2D0-4262-BC92-8233D0DD57CA}"
EndProject
Project("{FAE04EC0-301F-11D3-BF4B-00C04F79EFBC}") = "MarcRoche.Domain", "MarcRoche.Domain\MarcRoche.Domain.csproj", "{06AA32F1-3013-4AA2-A291-320A2E37E0CB}"
EndProject
Project("{FAE04EC0-301F-11D3-BF4B-00C04F79EFBC}") = "MarcRoche.Services", "MarcRoche.Services\MarcRoche.Services.csproj", "{6B6356CB-F5AB-40A1-80F7-F4D36FF349D8}"
EndProject
Project("{FAE04EC0-301F-11D3-BF4B-00C04F79EFBC}") = "Repository", "Repository\Repository.csproj", "{CEC3F80B-3801-4890-A8F2-8634E2302F0B}"
EndProject
Project("{FAE04EC0-301F-11D3-BF4B-00C04F79EFBC}") = "MarcRoche.IoC", "MarcRoche.IoC\MarcRoche.IoC.csproj", "{E3C7B540-F1CA-40EE-AF0F-95EE27D5BD2D}"
EndProject
Project("{FAE04EC0-301F-11D3-BF4B-00C04F79EFBC}") = "MarcRoche.Model.Tests", "MarcRoche.Domain.Tests\MarcRoche.Model.Tests.csproj", "{987EC8C5-962D-49F6-8B76-C7512C84F788}"
EndProject
Project("{FAE04EC0-301F-11D3-BF4B-00C04F79EFBC}") = "MarcRoche.Services.Tests", "MarcRoche.Services.Tests\MarcRoche.Services.Tests.csproj", "{C902ACEE-5FD8-4A6E-9312-F94837387E1C}"
EndProject
Project("{FAE04EC0-301F-11D3-BF4B-00C04F79EFBC}") = "MarcRoche.Repository.Mongo", "MarcRoche.Repository.Mongo\MarcRoche.Repository.Mongo.csproj", "{CDF534E2-FE1A-4289-8C92-63BE03D32E6F}"
EndProject
Project("{FAE04EC0-301F-11D3-BF4B-00C04F79EFBC}") = "MarcRoche.Repository.Mongo.Tests", "MarcRoche.Repository.Mongo.Tests\MarcRoche.Repository.Mongo.Tests.csproj", "{90DF74DF-37CC-47A3-BDA9-AB03CF11791C}"
EndProject
Global
	GlobalSection(SolutionConfigurationPlatforms) = preSolution
		Debug|Any CPU = Debug|Any CPU
		Release|Any CPU = Release|Any CPU
	EndGlobalSection
	GlobalSection(ProjectConfigurationPlatforms) = postSolution
		{15BE3915-E2D0-4262-BC92-8233D0DD57CA}.Debug|Any CPU.ActiveCfg = Debug|Any CPU
		{15BE3915-E2D0-4262-BC92-8233D0DD57CA}.Debug|Any CPU.Build.0 = Debug|Any CPU
		{15BE3915-E2D0-4262-BC92-8233D0DD57CA}.Release|Any CPU.ActiveCfg = Release|Any CPU
		{15BE3915-E2D0-4262-BC92-8233D0DD57CA}.Release|Any CPU.Build.0 = Release|Any CPU
		{06AA32F1-3013-4AA2-A291-320A2E37E0CB}.Debug|Any CPU.ActiveCfg = Debug|Any CPU
		{06AA32F1-3013-4AA2-A291-320A2E37E0CB}.Debug|Any CPU.Build.0 = Debug|Any CPU
		{06AA32F1-3013-4AA2-A291-320A2E37E0CB}.Release|Any CPU.ActiveCfg = Release|Any CPU
		{06AA32F1-3013-4AA2-A291-320A2E37E0CB}.Release|Any CPU.Build.0 = Release|Any CPU
		{6B6356CB-F5AB-40A1-80F7-F4D36FF349D8}.Debug|Any CPU.ActiveCfg = Debug|Any CPU
		{6B6356CB-F5AB-40A1-80F7-F4D36FF349D8}.Debug|Any CPU.Build.0 = Debug|Any CPU
		{6B6356CB-F5AB-40A1-80F7-F4D36FF349D8}.Release|Any CPU.ActiveCfg = Release|Any CPU
		{6B6356CB-F5AB-40A1-80F7-F4D36FF349D8}.Release|Any CPU.Build.0 = Release|Any CPU
		{CEC3F80B-3801-4890-A8F2-8634E2302F0B}.Debug|Any CPU.ActiveCfg = Debug|Any CPU
		{CEC3F80B-3801-4890-A8F2-8634E2302F0B}.Debug|Any CPU.Build.0 = Debug|Any CPU
		{CEC3F80B-3801-4890-A8F2-8634E2302F0B}.Release|Any CPU.ActiveCfg = Release|Any CPU
		{CEC3F80B-3801-4890-A8F2-8634E2302F0B}.Release|Any CPU.Build.0 = Release|Any CPU
		{E3C7B540-F1CA-40EE-AF0F-95EE27D5BD2D}.Debug|Any CPU.ActiveCfg = Debug|Any CPU
		{E3C7B540-F1CA-40EE-AF0F-95EE27D5BD2D}.Debug|Any CPU.Build.0 = Debug|Any CPU
		{E3C7B540-F1CA-40EE-AF0F-95EE27D5BD2D}.Release|Any CPU.ActiveCfg = Release|Any CPU
		{E3C7B540-F1CA-40EE-AF0F-95EE27D5BD2D}.Release|Any CPU.Build.0 = Release|Any CPU
		{987EC8C5-962D-49F6-8B76-C7512C84F788}.Debug|Any CPU.ActiveCfg = Debug|Any CPU
		{987EC8C5-962D-49F6-8B76-C7512C84F788}.Debug|Any CPU.Build.0 = Debug|Any CPU
		{987EC8C5-962D-49F6-8B76-C7512C84F788}.Release|Any CPU.ActiveCfg = Release|Any CPU
		{987EC8C5-962D-49F6-8B76-C7512C84F788}.Release|Any CPU.Build.0 = Release|Any CPU
		{C902ACEE-5FD8-4A6E-9312-F94837387E1C}.Debug|Any CPU.ActiveCfg = Debug|Any CPU
		{C902ACEE-5FD8-4A6E-9312-F94837387E1C}.Debug|Any CPU.Build.0 = Debug|Any CPU
		{C902ACEE-5FD8-4A6E-9312-F94837387E1C}.Release|Any CPU.ActiveCfg = Release|Any CPU
		{C902ACEE-5FD8-4A6E-9312-F94837387E1C}.Release|Any CPU.Build.0 = Release|Any CPU
		{CDF534E2-FE1A-4289-8C92-63BE03D32E6F}.Debug|Any CPU.ActiveCfg = Debug|Any CPU
		{CDF534E2-FE1A-4289-8C92-63BE03D32E6F}.Debug|Any CPU.Build.0 = Debug|Any CPU
		{CDF534E2-FE1A-4289-8C92-63BE03D32E6F}.Release|Any CPU.ActiveCfg = Release|Any CPU
		{CDF534E2-FE1A-4289-8C92-63BE03D32E6F}.Release|Any CPU.Build.0 = Release|Any CPU
		{90DF74DF-37CC-47A3-BDA9-AB03CF11791C}.Debug|Any CPU.ActiveCfg = Debug|Any CPU
		{90DF74DF-37CC-47A3-BDA9-AB03CF11791C}.Debug|Any CPU.Build.0 = Debug|Any CPU
		{90DF74DF-37CC-47A3-BDA9-AB03CF11791C}.Release|Any CPU.ActiveCfg = Release|Any CPU
		{90DF74DF-37CC-47A3-BDA9-AB03CF11791C}.Release|Any CPU.Build.0 = Release|Any CPU
	EndGlobalSection
	GlobalSection(SolutionProperties) = preSolution
		HideSolutionNode = FALSE
	EndGlobalSection
	GlobalSection(NestedProjects) = preSolution
		{1C46C59E-6BE7-4165-A69D-B0A841422275} = {CF0AA54A-69EF-47F0-8372-FB0167A6E08A}
		{CEC3F80B-3801-4890-A8F2-8634E2302F0B} = {CF0AA54A-69EF-47F0-8372-FB0167A6E08A}
		{CDF534E2-FE1A-4289-8C92-63BE03D32E6F} = {CF0AA54A-69EF-47F0-8372-FB0167A6E08A}
		{96703B49-B252-4C06-82E6-717FF036CB91} = {53B5C2B1-E63E-46DF-A7CB-0FC7F645A2B4}
		{06AA32F1-3013-4AA2-A291-320A2E37E0CB} = {53B5C2B1-E63E-46DF-A7CB-0FC7F645A2B4}
		{6B6356CB-F5AB-40A1-80F7-F4D36FF349D8} = {53B5C2B1-E63E-46DF-A7CB-0FC7F645A2B4}
		{90DF74DF-37CC-47A3-BDA9-AB03CF11791C} = {1C46C59E-6BE7-4165-A69D-B0A841422275}
		{E3C7B540-F1CA-40EE-AF0F-95EE27D5BD2D} = {A176487A-F7E4-44C4-96B5-B0F4C7511E7C}
		{15BE3915-E2D0-4262-BC92-8233D0DD57CA} = {F01FD1EA-4462-4FEF-B0D2-350FA2108B31}
		{987EC8C5-962D-49F6-8B76-C7512C84F788} = {96703B49-B252-4C06-82E6-717FF036CB91}
		{C902ACEE-5FD8-4A6E-9312-F94837387E1C} = {96703B49-B252-4C06-82E6-717FF036CB91}
	EndGlobalSection
EndGlobal
